hash: 806deb3bb1bb02051f152c49856cac37224f623247742a1b8c028b38dff21aef
updated: 2017-06-03T12:38:37.338393246-04:00
imports:
- name: github.com/mvdan/xurls
  version: d315b61cf6727664f310fa87b3197e9faf2a8513
testImports:
- name: github.com/stretchr/testify
  version: 69483b4bd14f5845b5a1e55bca19e954e827f1d0
